<Solution>
  <Project Path="Kyvo.API/Kyvo.API.csproj" />
  <Project Path="Kyvo.Application/Kyvo.Application.csproj" />
  <Project Path="Kyvo.Domain/Kyvo.Domain.csproj" />
  <Project Path="Kyvo.Infrastructure/Kyvo.Infrastructure.csproj" />
  <Project Path="tools/GenerateOidcKey/GenerateOidcKey.csproj" />
</Solution>
